
Microsoft Visual Studio Solution File, Format Version 12.00
# Visual Studio Version 17
VisualStudioVersion = 17.11.35312.102
MinimumVisualStudioVersion = 10.0.40219.1
Project("{FAE04EC0-301F-11D3-BF4B-00C04F79EFBC}") = "StudentTeacher_QA_Platform_WEB", "StudentTeacher_QA_Platform_WEB\StudentTeacher_QA_Platform_WEB.csproj", "{DD15627C-01DC-4F9B-819F-0D104F244C4B}"
EndProject
Project("{FAE04EC0-301F-11D3-BF4B-00C04F79EFBC}") = "StudentTeacher_QA_Platform_MODELS", "StudentTeacher_QA_Platform_MODELS\StudentTeacher_QA_Platform_MODELS.csproj", "{1DCFC1DE-B525-464A-AB74-40CC6CBC1D8D}"
EndProject
Project("{FAE04EC0-301F-11D3-BF4B-00C04F79EFBC}") = "StudentTeacher_QA_Platform_DATA_ACCESS", "StudentTeacher_QA_Platform_DATA_ACCESS\StudentTeacher_QA_Platform_DATA_ACCESS.csproj", "{A4310D10-3A53-4FB9-8BB7-0262AE920B79}"
EndProject
Global
	GlobalSection(SolutionConfigurationPlatforms) = preSolution
		Debug|Any CPU = Debug|Any CPU
		Release|Any CPU = Release|Any CPU
	EndGlobalSection
	GlobalSection(ProjectConfigurationPlatforms) = postSolution
		{DD15627C-01DC-4F9B-819F-0D104F244C4B}.Debug|Any CPU.ActiveCfg = Debug|Any CPU
		{DD15627C-01DC-4F9B-819F-0D104F244C4B}.Debug|Any CPU.Build.0 = Debug|Any CPU
		{DD15627C-01DC-4F9B-819F-0D104F244C4B}.Release|Any CPU.ActiveCfg = Release|Any CPU
		{DD15627C-01DC-4F9B-819F-0D104F244C4B}.Release|Any CPU.Build.0 = Release|Any CPU
		{1DCFC1DE-B525-464A-AB74-40CC6CBC1D8D}.Debug|Any CPU.ActiveCfg = Debug|Any CPU
		{1DCFC1DE-B525-464A-AB74-40CC6CBC1D8D}.Debug|Any CPU.Build.0 = Debug|Any CPU
		{1DCFC1DE-B525-464A-AB74-40CC6CBC1D8D}.Release|Any CPU.ActiveCfg = Release|Any CPU
		{1DCFC1DE-B525-464A-AB74-40CC6CBC1D8D}.Release|Any CPU.Build.0 = Release|Any CPU
		{A4310D10-3A53-4FB9-8BB7-0262AE920B79}.Debug|Any CPU.ActiveCfg = Debug|Any CPU
		{A4310D10-3A53-4FB9-8BB7-0262AE920B79}.Debug|Any CPU.Build.0 = Debug|Any CPU
		{A4310D10-3A53-4FB9-8BB7-0262AE920B79}.Release|Any CPU.ActiveCfg = Release|Any CPU
		{A4310D10-3A53-4FB9-8BB7-0262AE920B79}.Release|Any CPU.Build.0 = Release|Any CPU
	EndGlobalSection
	GlobalSection(SolutionProperties) = preSolution
		HideSolutionNode = FALSE
	EndGlobalSection
	GlobalSection(ExtensibilityGlobals) = postSolution
		SolutionGuid = {49A41867-F1F3-47AB-87B6-91875A650926}
	EndGlobalSection
EndGlobal
